{
  "lockfile_version": "1",
  "packages": {
    "github:NixOS/nixpkgs/nixpkgs-unstable": {
      "last_modified": "2025-10-20T13:06:07Z",
      "resolved": "github:NixOS/nixpkgs/cb82756ecc37fa623f8cf3e88854f9bf7f64af93?lastModified=1760965567"
    },
    "github:sc2in/eisvogel-tex#": {
      "last_modified": "2024-06-17T20:03:57Z",
      "resolved": "github:sc2in/eisvogel-tex/9384c4be4f7b0944baf6aa06b1c48edde3f285ac?lastModified=1718654637&narHash=sha256-38jKMgzaQ8oBZ8yvvVFb%2FtyUZAN1digOtDp1NuhBc4A%3D"
    },
    "imagemagick@latest": {
      "last_modified": "2025-06-22T15:15:55Z",
      "resolved": "github:NixOS/nixpkgs/3078b9a9e75f1790e6d6ef9955fdc6a2d1740cc6#imagemagick",
      "source": "devbox-search",
      "version": "7.1.1-47",
      "systems": {
        "aarch64-darwin": {
          "outputs": [
            {
              "name": "out",
              "path": "/nix/store/3w06dz5yczsy9l5iad6x15if2fsj4rwz-imagemagick-7.1.1-47",
              "default": true
            },
            {
              "name": "dev",
              "path": "/nix/store/iv03zy153mgq00m3xpx4jcz6i6q2g923-imagemagick-7.1.1-47-dev"
            },
            {
              "name": "doc",
              "path": "/nix/store/wnw20gk6hpss2sbcxzzj9cxn0ar11s4j-imagemagick-7.1.1-47-doc"
            }
          ],
          "store_path": "/nix/store/3w06dz5yczsy9l5iad6x15if2fsj4rwz-imagemagick-7.1.1-47"
        },
        "aarch64-linux": {
          "outputs": [
            {
              "name": "out",
              "path": "/nix/store/dasd572y8gbz48bi7dlq5wvw86i3l95z-imagemagick-7.1.1-47",
              "default": true
            },
            {
              "name": "dev",
              "path": "/nix/store/h8bbyl2m8m5sgqaa6rshjjb2c9j5kyfa-imagemagick-7.1.1-47-dev"
            },
            {
              "name": "doc",
              "path": "/nix/store/6wkhrmmdrm6fwwciblmkzn9v54b7fp5r-imagemagick-7.1.1-47-doc"
            }
          ],
          "store_path": "/nix/store/dasd572y8gbz48bi7dlq5wvw86i3l95z-imagemagick-7.1.1-47"
        },
        "x86_64-darwin": {
          "outputs": [
            {
              "name": "out",
              "path": "/nix/store/hydd07w5m5k3crqp9gyw6k4gv5ila0x4-imagemagick-7.1.1-47",
              "default": true
            },
            {
              "name": "dev",
              "path": "/nix/store/7yqlrkfapcw2da81aywnia7x3k2y27i0-imagemagick-7.1.1-47-dev"
            },
            {
              "name": "doc",
              "path": "/nix/store/dv1x6pzqa8bk2gmnaq00nk6klhjpzkcc-imagemagick-7.1.1-47-doc"
            }
          ],
          "store_path": "/nix/store/hydd07w5m5k3crqp9gyw6k4gv5ila0x4-imagemagick-7.1.1-47"
        },
        "x86_64-linux": {
          "outputs": [
            {
              "name": "out",
              "path": "/nix/store/3rvn3p974bi9llyfr1sjrg02911l52b7-imagemagick-7.1.1-47",
              "default": true
            },
            {
              "name": "dev",
              "path": "/nix/store/c1na7xdwr8yd7vr91sqpl6avi0fqz8rf-imagemagick-7.1.1-47-dev"
            },
            {
              "name": "doc",
              "path": "/nix/store/hwl4bx329n402h935qls985jyxwppsry-imagemagick-7.1.1-47-doc"
            }
          ],
          "store_path": "/nix/store/3rvn3p974bi9llyfr1sjrg02911l52b7-imagemagick-7.1.1-47"
        }
      }
    },
    "mermaid-filter@latest": {
      "last_modified": "2025-06-20T02:24:11Z",
      "resolved": "github:NixOS/nixpkgs/076e8c6678d8c54204abcb4b1b14c366835a58bb#mermaid-filter",
      "source": "devbox-search",
      "version": "1.4.7",
      "systems": {
        "aarch64-linux": {
          "outputs": [
            {
              "name": "out",
              "path": "/nix/store/fc2xw50xcqkcygvfdz2cwvgnw02x3i1x-mermaid-filter-1.4.7",
              "default": true
            }
          ],
          "store_path": "/nix/store/fc2xw50xcqkcygvfdz2cwvgnw02x3i1x-mermaid-filter-1.4.7"
        },
        "x86_64-linux": {
          "outputs": [
            {
              "name": "out",
              "path": "/nix/store/yn9vks9q97qcch1sygdq89r8fyjb523y-mermaid-filter-1.4.7",
              "default": true
            }
          ],
          "store_path": "/nix/store/yn9vks9q97qcch1sygdq89r8fyjb523y-mermaid-filter-1.4.7"
        }
      }
    },
    "pandoc@latest": {
      "last_modified": "2025-06-20T02:24:11Z",
      "resolved": "github:NixOS/nixpkgs/076e8c6678d8c54204abcb4b1b14c366835a58bb#pandoc",
      "source": "devbox-search",
      "version": "3.6",
      "systems": {
        "aarch64-darwin": {
          "outputs": [
            {
              "name": "out",
              "path": "/nix/store/22qd3hi8finw0hrx7815a3idkslhifwv-pandoc-cli-3.6",
              "default": true
            }
          ],
          "store_path": "/nix/store/22qd3hi8finw0hrx7815a3idkslhifwv-pandoc-cli-3.6"
        },
        "aarch64-linux": {
          "outputs": [
            {
              "name": "out",
              "path": "/nix/store/npsj8h6vbpfcryz3ii7fcc2x4hcd10by-pandoc-cli-3.6",
              "default": true
            }
          ],
          "store_path": "/nix/store/npsj8h6vbpfcryz3ii7fcc2x4hcd10by-pandoc-cli-3.6"
        },
        "x86_64-darwin": {
          "outputs": [
            {
              "name": "out",
              "path": "/nix/store/c0llc9i4p16g4inlpjql7g9385mgnfr5-pandoc-cli-3.6",
              "default": true
            }
          ],
          "store_path": "/nix/store/c0llc9i4p16g4inlpjql7g9385mgnfr5-pandoc-cli-3.6"
        },
        "x86_64-linux": {
          "outputs": [
            {
              "name": "out",
              "path": "/nix/store/asadxmbcddgx2dk5nlx9fpf3hg17w7wh-pandoc-cli-3.6",
              "default": true
            }
          ],
          "store_path": "/nix/store/asadxmbcddgx2dk5nlx9fpf3hg17w7wh-pandoc-cli-3.6"
        }
      }
    },
    "watchexec@latest": {
      "last_modified": "2025-06-20T02:24:11Z",
      "resolved": "github:NixOS/nixpkgs/076e8c6678d8c54204abcb4b1b14c366835a58bb#watchexec",
      "source": "devbox-search",
      "version": "2.3.2",
      "systems": {
        "aarch64-darwin": {
          "outputs": [
            {
              "name": "out",
              "path": "/nix/store/fxcxmjy50praw77dn7h2myhdps56a9nh-watchexec-2.3.2",
              "default": true
            }
          ],
          "store_path": "/nix/store/fxcxmjy50praw77dn7h2myhdps56a9nh-watchexec-2.3.2"
        },
        "aarch64-linux": {
          "outputs": [
            {
              "name": "out",
              "path": "/nix/store/lvyazq0pfgw6y7cih1ibq8mqhmmk5ldl-watchexec-2.3.2",
              "default": true
            }
          ],
          "store_path": "/nix/store/lvyazq0pfgw6y7cih1ibq8mqhmmk5ldl-watchexec-2.3.2"
        },
        "x86_64-darwin": {
          "outputs": [
            {
              "name": "out",
              "path": "/nix/store/n6q9djl042r9pwxf805zn399cpv96yns-watchexec-2.3.2",
              "default": true
            }
          ],
          "store_path": "/nix/store/n6q9djl042r9pwxf805zn399cpv96yns-watchexec-2.3.2"
        },
        "x86_64-linux": {
          "outputs": [
            {
              "name": "out",
              "path": "/nix/store/hh35j1vvsd9x3mrvbalyi504b7k827q3-watchexec-2.3.2",
              "default": true
            }
          ],
          "store_path": "/nix/store/hh35j1vvsd9x3mrvbalyi504b7k827q3-watchexec-2.3.2"
        }
      }
    },
    "zig@0.15.1": {
      "last_modified": "2025-10-07T08:41:47Z",
      "resolved": "github:NixOS/nixpkgs/bce5fe2bb998488d8e7e7856315f90496723793c#zig",
      "source": "devbox-search",
      "version": "0.15.1",
      "systems": {
        "aarch64-darwin": {
          "outputs": [
            {
              "name": "out",
              "path": "/nix/store/ajisdf8wkhxw4kdw9szgim55m2xn2qjb-zig-0.15.1",
              "default": true
            },
            {
              "name": "doc",
              "path": "/nix/store/i9vj1c0jh720adp1sq84zw3ppibl5bm1-zig-0.15.1-doc"
            }
          ],
          "store_path": "/nix/store/ajisdf8wkhxw4kdw9szgim55m2xn2qjb-zig-0.15.1"
        },
        "aarch64-linux": {
          "outputs": [
            {
              "name": "out",
              "path": "/nix/store/4mf5pz6kbrj35gf7xp4771l8z8kj8h07-zig-0.15.1",
              "default": true
            },
            {
              "name": "doc",
              "path": "/nix/store/9m4iwgdmq7gwpypjvw2knvb0g1n0y92s-zig-0.15.1-doc"
            }
          ],
          "store_path": "/nix/store/4mf5pz6kbrj35gf7xp4771l8z8kj8h07-zig-0.15.1"
        },
        "x86_64-linux": {
          "outputs": [
            {
              "name": "out",
              "path": "/nix/store/q7ym78ggwsd3ahbcamjqafsagvsg9hvi-zig-0.15.1",
              "default": true
            },
            {
              "name": "doc",
              "path": "/nix/store/z4ljkapr3k1dqrm9r4djy6gmmxkmmbjv-zig-0.15.1-doc"
            }
          ],
          "store_path": "/nix/store/q7ym78ggwsd3ahbcamjqafsagvsg9hvi-zig-0.15.1"
        }
      }
    },
    "zola@latest": {
      "last_modified": "2025-06-20T02:24:11Z",
      "resolved": "github:NixOS/nixpkgs/076e8c6678d8c54204abcb4b1b14c366835a58bb#zola",
      "source": "devbox-search",
      "version": "0.20.0",
      "systems": {
        "aarch64-darwin": {
          "outputs": [
            {
              "name": "out",
              "path": "/nix/store/gga1xz85s32nwwhzk5jccnby2jgl9nqv-zola-0.20.0",
              "default": true
            }
          ],
          "store_path": "/nix/store/gga1xz85s32nwwhzk5jccnby2jgl9nqv-zola-0.20.0"
        },
        "aarch64-linux": {
          "outputs": [
            {
              "name": "out",
              "path": "/nix/store/m80rccqgrxr19cb23la6drbm50716zq7-zola-0.20.0",
              "default": true
            }
          ],
          "store_path": "/nix/store/m80rccqgrxr19cb23la6drbm50716zq7-zola-0.20.0"
        },
        "x86_64-darwin": {
          "outputs": [
            {
              "name": "out",
              "path": "/nix/store/9phj9bqdna8z74s2wmga3jbmx83yzfy5-zola-0.20.0",
              "default": true
            }
          ],
          "store_path": "/nix/store/9phj9bqdna8z74s2wmga3jbmx83yzfy5-zola-0.20.0"
        },
        "x86_64-linux": {
          "outputs": [
            {
              "name": "out",
              "path": "/nix/store/jrj7h29mjy6zyz3zd3ifa4a1966q2ah4-zola-0.20.0",
              "default": true
            }
          ],
          "store_path": "/nix/store/jrj7h29mjy6zyz3zd3ifa4a1966q2ah4-zola-0.20.0"
        }
      }
    }
  }
}
