{
  "lockfile_version": "1",
  "packages": {
    "act@latest": {
      "last_modified": "2026-01-09T13:41:53Z",
      "resolved": "github:NixOS/nixpkgs/5f02c91314c8ba4afe83b256b023756412218535#act",
      "source": "devbox-search",
      "version": "0.2.84",
      "systems": {
        "aarch64-darwin": {
          "outputs": [
            {
              "name": "out",
              "path": "/nix/store/a66igc76c2vzyl3q5z7c7kf7dr4b9is5-act-0.2.84",
              "default": true
            }
          ],
          "store_path": "/nix/store/a66igc76c2vzyl3q5z7c7kf7dr4b9is5-act-0.2.84"
        },
        "aarch64-linux": {
          "outputs": [
            {
              "name": "out",
              "path": "/nix/store/wwrpc61p07x97b27ryhyks8zc9bq4j5c-act-0.2.84",
              "default": true
            }
          ],
          "store_path": "/nix/store/wwrpc61p07x97b27ryhyks8zc9bq4j5c-act-0.2.84"
        },
        "x86_64-darwin": {
          "outputs": [
            {
              "name": "out",
              "path": "/nix/store/v5fv7inyakck6m1f5q4xz78gfk7r1al7-act-0.2.84",
              "default": true
            }
          ],
          "store_path": "/nix/store/v5fv7inyakck6m1f5q4xz78gfk7r1al7-act-0.2.84"
        },
        "x86_64-linux": {
          "outputs": [
            {
              "name": "out",
              "path": "/nix/store/vpqyxvqac1f8pwva5ffxidr98qbfhn20-act-0.2.84",
              "default": true
            }
          ],
          "store_path": "/nix/store/vpqyxvqac1f8pwva5ffxidr98qbfhn20-act-0.2.84"
        }
      }
    },
    "github:NixOS/nixpkgs/nixpkgs-unstable": {
      "last_modified": "2026-01-19T00:39:23Z",
      "resolved": "github:NixOS/nixpkgs/bde09022887110deb780067364a0818e89258968?lastModified=1768783163"
    },
    "github:sc2in/eisvogel-tex/v3.0#": {
      "last_modified": "2025-11-17T18:21:47Z",
      "resolved": "github:sc2in/eisvogel-tex/1e66a899a90d9e8ff215892f1994d66314ba62ad?lastModified=1763403707"
    },
    "imagemagick@latest": {
      "last_modified": "2026-01-09T13:41:53Z",
      "resolved": "github:NixOS/nixpkgs/5f02c91314c8ba4afe83b256b023756412218535#imagemagick",
      "source": "devbox-search",
      "version": "7.1.2-11",
      "systems": {
        "aarch64-darwin": {
          "outputs": [
            {
              "name": "out",
              "path": "/nix/store/fq59i9l5chsnhxh1ahj22df3if39vg0x-imagemagick-7.1.2-11",
              "default": true
            },
            {
              "name": "dev",
              "path": "/nix/store/h62nffpg06sg3z8m1f8zylh18bf73rns-imagemagick-7.1.2-11-dev"
            },
            {
              "name": "doc",
              "path": "/nix/store/fpnfkb98b4914f5rhi3wb4nns37s9qlg-imagemagick-7.1.2-11-doc"
            }
          ],
          "store_path": "/nix/store/fq59i9l5chsnhxh1ahj22df3if39vg0x-imagemagick-7.1.2-11"
        },
        "aarch64-linux": {
          "outputs": [
            {
              "name": "out",
              "path": "/nix/store/jgxnhc6dd5s5vn0k0blf6csyi0vab8fd-imagemagick-7.1.2-11",
              "default": true
            },
            {
              "name": "dev",
              "path": "/nix/store/c3mzw08f2sywj5pcqfyvp2vg3paf0acn-imagemagick-7.1.2-11-dev"
            },
            {
              "name": "doc",
              "path": "/nix/store/p461inbsj7x41shq5nz2c6giqsxwj4aq-imagemagick-7.1.2-11-doc"
            }
          ],
          "store_path": "/nix/store/jgxnhc6dd5s5vn0k0blf6csyi0vab8fd-imagemagick-7.1.2-11"
        },
        "x86_64-darwin": {
          "outputs": [
            {
              "name": "out",
              "path": "/nix/store/v00m47mxdmx2fzvxjg9147qqcvmdnybj-imagemagick-7.1.2-11",
              "default": true
            },
            {
              "name": "dev",
              "path": "/nix/store/r4a0ydcxifpifh1r9z6s4grc8pdwzgvr-imagemagick-7.1.2-11-dev"
            },
            {
              "name": "doc",
              "path": "/nix/store/mv4avnfgxsf517llf0f4h9ag74pchga0-imagemagick-7.1.2-11-doc"
            }
          ],
          "store_path": "/nix/store/v00m47mxdmx2fzvxjg9147qqcvmdnybj-imagemagick-7.1.2-11"
        },
        "x86_64-linux": {
          "outputs": [
            {
              "name": "out",
              "path": "/nix/store/dfj4g2rpz8yf1g6ybj7d37p4kmwsl772-imagemagick-7.1.2-11",
              "default": true
            },
            {
              "name": "dev",
              "path": "/nix/store/47y76bq8qcnpxizqgl0c0j15s7ciix5r-imagemagick-7.1.2-11-dev"
            },
            {
              "name": "doc",
              "path": "/nix/store/y4ncgbx0fwj3fn0j8q71fb1dk5jplzd1-imagemagick-7.1.2-11-doc"
            }
          ],
          "store_path": "/nix/store/dfj4g2rpz8yf1g6ybj7d37p4kmwsl772-imagemagick-7.1.2-11"
        }
      }
    },
    "mermaid-filter@latest": {
      "last_modified": "2026-01-09T13:41:53Z",
      "resolved": "github:NixOS/nixpkgs/5f02c91314c8ba4afe83b256b023756412218535#mermaid-filter",
      "source": "devbox-search",
      "version": "1.4.7",
      "systems": {
        "aarch64-linux": {
          "outputs": [
            {
              "name": "out",
              "path": "/nix/store/0pq1gxqsrab8bcnwqf86s3snwggdiapw-mermaid-filter-1.4.7",
              "default": true
            }
          ],
          "store_path": "/nix/store/0pq1gxqsrab8bcnwqf86s3snwggdiapw-mermaid-filter-1.4.7"
        },
        "x86_64-linux": {
          "outputs": [
            {
              "name": "out",
              "path": "/nix/store/wrdad3f4pga2j4zw8iwpyqhk413hqmaj-mermaid-filter-1.4.7",
              "default": true
            }
          ],
          "store_path": "/nix/store/wrdad3f4pga2j4zw8iwpyqhk413hqmaj-mermaid-filter-1.4.7"
        }
      }
    },
    "pandoc@latest": {
      "last_modified": "2025-12-31T03:27:36Z",
      "resolved": "github:NixOS/nixpkgs/f665af0cdb70ed27e1bd8f9fdfecaf451260fc55#pandoc",
      "source": "devbox-search",
      "version": "3.7.0.2",
      "systems": {
        "aarch64-darwin": {
          "outputs": [
            {
              "name": "out",
              "path": "/nix/store/pq3hcbr86l5hdi2b1dx60a7n46jzb25s-pandoc-cli-3.7.0.2",
              "default": true
            }
          ],
          "store_path": "/nix/store/pq3hcbr86l5hdi2b1dx60a7n46jzb25s-pandoc-cli-3.7.0.2"
        },
        "aarch64-linux": {
          "outputs": [
            {
              "name": "out",
              "path": "/nix/store/cz73zr2ah6r4lv1brssxyi2g8fly51mx-pandoc-cli-3.7.0.2",
              "default": true
            }
          ],
          "store_path": "/nix/store/cz73zr2ah6r4lv1brssxyi2g8fly51mx-pandoc-cli-3.7.0.2"
        },
        "x86_64-darwin": {
          "outputs": [
            {
              "name": "out",
              "path": "/nix/store/gyg7x70p0cn4kkaqg2gjjg3dah40a16k-pandoc-cli-3.7.0.2",
              "default": true
            }
          ],
          "store_path": "/nix/store/gyg7x70p0cn4kkaqg2gjjg3dah40a16k-pandoc-cli-3.7.0.2"
        },
        "x86_64-linux": {
          "outputs": [
            {
              "name": "out",
              "path": "/nix/store/xhggc7yr5462kdvf5gpgv5zgg3mdkir6-pandoc-cli-3.7.0.2",
              "default": true
            }
          ],
          "store_path": "/nix/store/xhggc7yr5462kdvf5gpgv5zgg3mdkir6-pandoc-cli-3.7.0.2"
        }
      }
    },
    "typst@latest": {
      "last_modified": "2026-01-23T17:20:52Z",
      "resolved": "github:NixOS/nixpkgs/a1bab9e494f5f4939442a57a58d0449a109593fe#typst",
      "source": "devbox-search",
      "version": "0.14.2",
      "systems": {
        "aarch64-darwin": {
          "outputs": [
            {
              "name": "out",
              "path": "/nix/store/r9v49ljxwk8sv2gw44ik819zwlcvc7g8-typst-0.14.2",
              "default": true
            }
          ],
          "store_path": "/nix/store/r9v49ljxwk8sv2gw44ik819zwlcvc7g8-typst-0.14.2"
        },
        "aarch64-linux": {
          "outputs": [
            {
              "name": "out",
              "path": "/nix/store/84a3qfszm66ckfrv683gr36yq4z467jd-typst-0.14.2",
              "default": true
            }
          ],
          "store_path": "/nix/store/84a3qfszm66ckfrv683gr36yq4z467jd-typst-0.14.2"
        },
        "x86_64-darwin": {
          "outputs": [
            {
              "name": "out",
              "path": "/nix/store/5639miv6nf9sabjlkc085nz45casbzhm-typst-0.14.2",
              "default": true
            }
          ],
          "store_path": "/nix/store/5639miv6nf9sabjlkc085nz45casbzhm-typst-0.14.2"
        },
        "x86_64-linux": {
          "outputs": [
            {
              "name": "out",
              "path": "/nix/store/5fpxp6c5vqkmdp8azrm47qyc53wj8jv3-typst-0.14.2",
              "default": true
            }
          ],
          "store_path": "/nix/store/5fpxp6c5vqkmdp8azrm47qyc53wj8jv3-typst-0.14.2"
        }
      }
    },
    "watchexec@latest": {
      "last_modified": "2025-12-31T03:27:36Z",
      "resolved": "github:NixOS/nixpkgs/f665af0cdb70ed27e1bd8f9fdfecaf451260fc55#watchexec",
      "source": "devbox-search",
      "version": "2.3.2",
      "systems": {
        "aarch64-darwin": {
          "outputs": [
            {
              "name": "out",
              "path": "/nix/store/0rv0p1cxv0l4ri4bl0k518503lfxyb9q-watchexec-2.3.2",
              "default": true
            }
          ],
          "store_path": "/nix/store/0rv0p1cxv0l4ri4bl0k518503lfxyb9q-watchexec-2.3.2"
        },
        "aarch64-linux": {
          "outputs": [
            {
              "name": "out",
              "path": "/nix/store/971hvsgzw6h22w1wc7y84129zmpb52qh-watchexec-2.3.2",
              "default": true
            }
          ],
          "store_path": "/nix/store/971hvsgzw6h22w1wc7y84129zmpb52qh-watchexec-2.3.2"
        },
        "x86_64-darwin": {
          "outputs": [
            {
              "name": "out",
              "path": "/nix/store/ih3xy4vr46hk7zrgjwp039pckb0gw8kd-watchexec-2.3.2",
              "default": true
            }
          ],
          "store_path": "/nix/store/ih3xy4vr46hk7zrgjwp039pckb0gw8kd-watchexec-2.3.2"
        },
        "x86_64-linux": {
          "outputs": [
            {
              "name": "out",
              "path": "/nix/store/l1768fcyikw9sx52xifp1zankvbfjprl-watchexec-2.3.2",
              "default": true
            }
          ],
          "store_path": "/nix/store/l1768fcyikw9sx52xifp1zankvbfjprl-watchexec-2.3.2"
        }
      }
    },
    "zig@0.15.2": {
      "last_modified": "2026-01-10T08:02:33Z",
      "resolved": "github:NixOS/nixpkgs/3146c6aa9995e7351a398e17470e15305e6e18ff#zig",
      "source": "devbox-search",
      "version": "0.15.2",
      "systems": {
        "aarch64-darwin": {
          "outputs": [
            {
              "name": "out",
              "path": "/nix/store/pp3rdgdy6pnji9zm91qqcd6c86wljw58-zig-0.15.2",
              "default": true
            },
            {
              "name": "doc",
              "path": "/nix/store/pgi8ify4wg1jn36zqiv9yj5lip0yy5hs-zig-0.15.2-doc"
            }
          ],
          "store_path": "/nix/store/pp3rdgdy6pnji9zm91qqcd6c86wljw58-zig-0.15.2"
        },
        "aarch64-linux": {
          "outputs": [
            {
              "name": "out",
              "path": "/nix/store/vzkgmq5j24v8m847lqgck7vllnxlwxl2-zig-0.15.2",
              "default": true
            },
            {
              "name": "doc",
              "path": "/nix/store/4jlypmdify8ci6pv8ndg004n16fjpvkj-zig-0.15.2-doc"
            }
          ],
          "store_path": "/nix/store/vzkgmq5j24v8m847lqgck7vllnxlwxl2-zig-0.15.2"
        },
        "x86_64-darwin": {
          "outputs": [
            {
              "name": "out",
              "path": "/nix/store/020rppvygv5hdh19zfn24x08zyph326c-zig-0.15.2",
              "default": true
            },
            {
              "name": "doc",
              "path": "/nix/store/qy0kjrb75qd63fw1liyj9ncjs50ki9v4-zig-0.15.2-doc"
            }
          ],
          "store_path": "/nix/store/020rppvygv5hdh19zfn24x08zyph326c-zig-0.15.2"
        },
        "x86_64-linux": {
          "outputs": [
            {
              "name": "out",
              "path": "/nix/store/qc6d64s9gvn4q4686dc13srgf1frg4jw-zig-0.15.2",
              "default": true
            },
            {
              "name": "doc",
              "path": "/nix/store/pih8b2g4scafqlrca3s04cmj2dz8jbba-zig-0.15.2-doc"
            }
          ],
          "store_path": "/nix/store/qc6d64s9gvn4q4686dc13srgf1frg4jw-zig-0.15.2"
        }
      }
    },
    "zls@0.15.0": {
      "last_modified": "2025-11-23T21:50:36Z",
      "resolved": "github:NixOS/nixpkgs/ee09932cedcef15aaf476f9343d1dea2cb77e261#zls",
      "source": "devbox-search",
      "version": "0.15.0",
      "systems": {
        "aarch64-darwin": {
          "outputs": [
            {
              "name": "out",
              "path": "/nix/store/g2dr6hyic24xy6g44mq0df1iafayck8y-zls-0.15.0",
              "default": true
            }
          ],
          "store_path": "/nix/store/g2dr6hyic24xy6g44mq0df1iafayck8y-zls-0.15.0"
        },
        "aarch64-linux": {
          "outputs": [
            {
              "name": "out",
              "path": "/nix/store/icfrj4v3w0qggcj7mch3qk3nw8vf6nqh-zls-0.15.0",
              "default": true
            }
          ],
          "store_path": "/nix/store/icfrj4v3w0qggcj7mch3qk3nw8vf6nqh-zls-0.15.0"
        },
        "x86_64-darwin": {
          "outputs": [
            {
              "name": "out",
              "path": "/nix/store/j68af2kdrf49c7wiyq9si0k63lci6hv3-zls-0.15.0",
              "default": true
            }
          ],
          "store_path": "/nix/store/j68af2kdrf49c7wiyq9si0k63lci6hv3-zls-0.15.0"
        },
        "x86_64-linux": {
          "outputs": [
            {
              "name": "out",
              "path": "/nix/store/kgvrz76pi6rcigjzrmf9p5ni9sihmmav-zls-0.15.0",
              "default": true
            }
          ],
          "store_path": "/nix/store/kgvrz76pi6rcigjzrmf9p5ni9sihmmav-zls-0.15.0"
        }
      }
    },
    "zola@0.20.0": {
      "last_modified": "2025-07-13T22:45:35Z",
      "resolved": "github:NixOS/nixpkgs/a421ac6595024edcfbb1ef950a3712b89161c359#zola",
      "source": "devbox-search",
      "version": "0.20.0",
      "systems": {
        "aarch64-darwin": {
          "outputs": [
            {
              "name": "out",
              "path": "/nix/store/wd5jyk1is79wpjp8zpzshnnzgsi0jcp2-zola-0.20.0",
              "default": true
            }
          ],
          "store_path": "/nix/store/wd5jyk1is79wpjp8zpzshnnzgsi0jcp2-zola-0.20.0"
        },
        "aarch64-linux": {
          "outputs": [
            {
              "name": "out",
              "path": "/nix/store/z31kmzar9hy2yb3pipn2q1jfi74vpi18-zola-0.20.0",
              "default": true
            }
          ],
          "store_path": "/nix/store/z31kmzar9hy2yb3pipn2q1jfi74vpi18-zola-0.20.0"
        },
        "x86_64-darwin": {
          "outputs": [
            {
              "name": "out",
              "path": "/nix/store/nnx3dvdlbiw9brwqsl45ri8vyabpzd8b-zola-0.20.0",
              "default": true
            }
          ],
          "store_path": "/nix/store/nnx3dvdlbiw9brwqsl45ri8vyabpzd8b-zola-0.20.0"
        },
        "x86_64-linux": {
          "outputs": [
            {
              "name": "out",
              "path": "/nix/store/vq2z890ab8dm1mbkijlswi81g7hhzgws-zola-0.20.0",
              "default": true
            }
          ],
          "store_path": "/nix/store/vq2z890ab8dm1mbkijlswi81g7hhzgws-zola-0.20.0"
        }
      }
    }
  }
}
