{
  "lockfile_version": "1",
  "packages": {
    "imagemagick@latest": {
      "last_modified": "2025-06-06T12:35:49Z",
      "resolved": "github:NixOS/nixpkgs/a4ff0e3c64846abea89662bfbacf037ef4b34207#imagemagick",
      "source": "devbox-search",
      "version": "7.1.1-47",
      "systems": {
        "aarch64-darwin": {
          "outputs": [
            {
              "name": "out",
              "path": "/nix/store/kz7yrb6zm3f3hahbfqpka1qcxa2chyfb-imagemagick-7.1.1-47",
              "default": true
            },
            {
              "name": "doc",
              "path": "/nix/store/zn44a6zd44xyjyl0khhgl0wx2amgc86y-imagemagick-7.1.1-47-doc"
            },
            {
              "name": "dev",
              "path": "/nix/store/fcs82x7djv4jxywgnc8z9cb5n0sdvd7r-imagemagick-7.1.1-47-dev"
            }
          ],
          "store_path": "/nix/store/kz7yrb6zm3f3hahbfqpka1qcxa2chyfb-imagemagick-7.1.1-47"
        },
        "aarch64-linux": {
          "outputs": [
            {
              "name": "out",
              "path": "/nix/store/h5vv71jlnzxy5n5zw4a12p29lzjkbb6l-imagemagick-7.1.1-47",
              "default": true
            },
            {
              "name": "dev",
              "path": "/nix/store/yx1nqhimimy054ly4vnc7nca88wx0i1g-imagemagick-7.1.1-47-dev"
            },
            {
              "name": "doc",
              "path": "/nix/store/6gjpaz57ksrvfiirfws1ja5jlfgwgr5k-imagemagick-7.1.1-47-doc"
            }
          ],
          "store_path": "/nix/store/h5vv71jlnzxy5n5zw4a12p29lzjkbb6l-imagemagick-7.1.1-47"
        },
        "x86_64-darwin": {
          "outputs": [
            {
              "name": "out",
              "path": "/nix/store/cxihbm2zrjjjk0py84xq9jw37m0015vg-imagemagick-7.1.1-47",
              "default": true
            },
            {
              "name": "doc",
              "path": "/nix/store/rflc98bc2aw904i1lmvy4z1m78cn2674-imagemagick-7.1.1-47-doc"
            },
            {
              "name": "dev",
              "path": "/nix/store/wphqgvfy7qvz273vdndz2xd9zbn0y8ii-imagemagick-7.1.1-47-dev"
            }
          ],
          "store_path": "/nix/store/cxihbm2zrjjjk0py84xq9jw37m0015vg-imagemagick-7.1.1-47"
        },
        "x86_64-linux": {
          "outputs": [
            {
              "name": "out",
              "path": "/nix/store/z4jnh4k7lmydfp6zcin84qy2j2v4w19i-imagemagick-7.1.1-47",
              "default": true
            },
            {
              "name": "dev",
              "path": "/nix/store/4pivv1m7fbawr7alqiymvmfgbx62i0yh-imagemagick-7.1.1-47-dev"
            },
            {
              "name": "doc",
              "path": "/nix/store/1xny9xpnrkfq3swk86x0q6rmyqb1wr1c-imagemagick-7.1.1-47-doc"
            }
          ],
          "store_path": "/nix/store/z4jnh4k7lmydfp6zcin84qy2j2v4w19i-imagemagick-7.1.1-47"
        }
      }
    },
    "mermaid-filter@latest": {
      "last_modified": "2025-06-05T08:10:37Z",
      "resolved": "github:NixOS/nixpkgs/ec62ae342c340d24289735e31eb9155261cd5fe7#mermaid-filter",
      "source": "devbox-search",
      "version": "1.4.7",
      "systems": {
        "aarch64-linux": {
          "outputs": [
            {
              "name": "out",
              "path": "/nix/store/zp7n5kk0394j8z5qaxmwnc5rck5k2d9q-mermaid-filter-1.4.7",
              "default": true
            }
          ],
          "store_path": "/nix/store/zp7n5kk0394j8z5qaxmwnc5rck5k2d9q-mermaid-filter-1.4.7"
        },
        "x86_64-linux": {
          "outputs": [
            {
              "name": "out",
              "path": "/nix/store/7sfkhvs9qbbjd718rfs405x8q8dy524x-mermaid-filter-1.4.7",
              "default": true
            }
          ],
          "store_path": "/nix/store/7sfkhvs9qbbjd718rfs405x8q8dy524x-mermaid-filter-1.4.7"
        }
      }
    },
    "pandoc@latest": {
      "last_modified": "2025-05-16T20:19:48Z",
      "resolved": "github:NixOS/nixpkgs/12a55407652e04dcf2309436eb06fef0d3713ef3#pandoc",
      "source": "devbox-search",
      "version": "3.6",
      "systems": {
        "aarch64-darwin": {
          "outputs": [
            {
              "name": "out",
              "path": "/nix/store/yjsgvx95rxs8z7kq8k64ihrjjcwhxxgv-pandoc-cli-3.6",
              "default": true
            }
          ],
          "store_path": "/nix/store/yjsgvx95rxs8z7kq8k64ihrjjcwhxxgv-pandoc-cli-3.6"
        },
        "aarch64-linux": {
          "outputs": [
            {
              "name": "out",
              "path": "/nix/store/768w741p84mdgmawcbsr5n2iyg9c5hri-pandoc-cli-3.6",
              "default": true
            }
          ],
          "store_path": "/nix/store/768w741p84mdgmawcbsr5n2iyg9c5hri-pandoc-cli-3.6"
        },
        "x86_64-darwin": {
          "outputs": [
            {
              "name": "out",
              "path": "/nix/store/4hrj87syc1pnslin4ydq3452z0cx9djg-pandoc-cli-3.6",
              "default": true
            }
          ],
          "store_path": "/nix/store/4hrj87syc1pnslin4ydq3452z0cx9djg-pandoc-cli-3.6"
        },
        "x86_64-linux": {
          "outputs": [
            {
              "name": "out",
              "path": "/nix/store/hxzw27zvh1fxcym7wzwldz6y2b5whi22-pandoc-cli-3.6",
              "default": true
            }
          ],
          "store_path": "/nix/store/hxzw27zvh1fxcym7wzwldz6y2b5whi22-pandoc-cli-3.6"
        }
      }
    },
    "watchexec@latest": {
      "last_modified": "2025-06-05T08:10:37Z",
      "resolved": "github:NixOS/nixpkgs/ec62ae342c340d24289735e31eb9155261cd5fe7#watchexec",
      "source": "devbox-search",
      "version": "2.3.2",
      "systems": {
        "aarch64-darwin": {
          "outputs": [
            {
              "name": "out",
              "path": "/nix/store/h00xs711s683frk7ahjm96mxdh0vimhl-watchexec-2.3.2",
              "default": true
            }
          ],
          "store_path": "/nix/store/h00xs711s683frk7ahjm96mxdh0vimhl-watchexec-2.3.2"
        },
        "aarch64-linux": {
          "outputs": [
            {
              "name": "out",
              "path": "/nix/store/jfqwdpv61lyncc5976pjgl352gx8ymdm-watchexec-2.3.2",
              "default": true
            }
          ],
          "store_path": "/nix/store/jfqwdpv61lyncc5976pjgl352gx8ymdm-watchexec-2.3.2"
        },
        "x86_64-darwin": {
          "outputs": [
            {
              "name": "out",
              "path": "/nix/store/lhas1n4ilv4vmhfmk57x47wnvkw538fq-watchexec-2.3.2",
              "default": true
            }
          ],
          "store_path": "/nix/store/lhas1n4ilv4vmhfmk57x47wnvkw538fq-watchexec-2.3.2"
        },
        "x86_64-linux": {
          "outputs": [
            {
              "name": "out",
              "path": "/nix/store/6k8983fxhjidg0154wjcsc6p5hala7vv-watchexec-2.3.2",
              "default": true
            }
          ],
          "store_path": "/nix/store/6k8983fxhjidg0154wjcsc6p5hala7vv-watchexec-2.3.2"
        }
      }
    },
    "zig@latest": {
      "last_modified": "2025-05-24T21:46:02Z",
      "resolved": "github:NixOS/nixpkgs/edb3633f9100d9277d1c9af245a4e9337a980c07#zig",
      "source": "devbox-search",
      "version": "0.14.1",
      "systems": {
        "aarch64-darwin": {
          "outputs": [
            {
              "name": "out",
              "path": "/nix/store/1jg919rz3xjivamc2djp10bcwy4nqwhn-zig-0.14.1",
              "default": true
            },
            {
              "name": "doc",
              "path": "/nix/store/74kmfzx53xqhsx79g08shx24b7fv98a8-zig-0.14.1-doc"
            }
          ],
          "store_path": "/nix/store/1jg919rz3xjivamc2djp10bcwy4nqwhn-zig-0.14.1"
        },
        "aarch64-linux": {
          "outputs": [
            {
              "name": "out",
              "path": "/nix/store/7kp0fldzamj5ld6jwxn6sv895ngifpsk-zig-0.14.1",
              "default": true
            },
            {
              "name": "doc",
              "path": "/nix/store/nwgn72nbv8yw57fp2n5xbrlmk4jw38ba-zig-0.14.1-doc"
            }
          ],
          "store_path": "/nix/store/7kp0fldzamj5ld6jwxn6sv895ngifpsk-zig-0.14.1"
        },
        "x86_64-darwin": {
          "outputs": [
            {
              "name": "out",
              "path": "/nix/store/n00cnc0aly9ymd3v9wn3q3g918bg9w6l-zig-0.14.1",
              "default": true
            },
            {
              "name": "doc",
              "path": "/nix/store/daj1f5qmz88fndn78d83yhdy41b3iw8s-zig-0.14.1-doc"
            }
          ],
          "store_path": "/nix/store/n00cnc0aly9ymd3v9wn3q3g918bg9w6l-zig-0.14.1"
        },
        "x86_64-linux": {
          "outputs": [
            {
              "name": "out",
              "path": "/nix/store/jb7n26fqzkbvqqwz0wm69gx0rm4cw9lg-zig-0.14.1",
              "default": true
            },
            {
              "name": "doc",
              "path": "/nix/store/1jl2jjkgrhfaqrig49kn6541xxqhr4vc-zig-0.14.1-doc"
            }
          ],
          "store_path": "/nix/store/jb7n26fqzkbvqqwz0wm69gx0rm4cw9lg-zig-0.14.1"
        }
      }
    },
    "zls@latest": {
      "last_modified": "2025-05-24T21:46:02Z",
      "resolved": "github:NixOS/nixpkgs/edb3633f9100d9277d1c9af245a4e9337a980c07#zls",
      "source": "devbox-search",
      "version": "0.14.0",
      "systems": {
        "aarch64-darwin": {
          "outputs": [
            {
              "name": "out",
              "path": "/nix/store/jyjffg5g4514x3rxjksxlbl5p3ycz6gv-zls-0.14.0",
              "default": true
            }
          ],
          "store_path": "/nix/store/jyjffg5g4514x3rxjksxlbl5p3ycz6gv-zls-0.14.0"
        },
        "aarch64-linux": {
          "outputs": [
            {
              "name": "out",
              "path": "/nix/store/vn6hydb37490zk9ypcdlbv673cvdm9pm-zls-0.14.0",
              "default": true
            }
          ],
          "store_path": "/nix/store/vn6hydb37490zk9ypcdlbv673cvdm9pm-zls-0.14.0"
        },
        "x86_64-darwin": {
          "outputs": [
            {
              "name": "out",
              "path": "/nix/store/rlim5lpjlwgfqarcqyc03qdxzp5d8dwx-zls-0.14.0",
              "default": true
            }
          ],
          "store_path": "/nix/store/rlim5lpjlwgfqarcqyc03qdxzp5d8dwx-zls-0.14.0"
        },
        "x86_64-linux": {
          "outputs": [
            {
              "name": "out",
              "path": "/nix/store/ssjfxvgrip5869vkh71biimvwkcffh2l-zls-0.14.0",
              "default": true
            }
          ],
          "store_path": "/nix/store/ssjfxvgrip5869vkh71biimvwkcffh2l-zls-0.14.0"
        }
      }
    },
    "zola@latest": {
      "last_modified": "2025-05-16T20:19:48Z",
      "resolved": "github:NixOS/nixpkgs/12a55407652e04dcf2309436eb06fef0d3713ef3#zola",
      "source": "devbox-search",
      "version": "0.20.0",
      "systems": {
        "aarch64-darwin": {
          "outputs": [
            {
              "name": "out",
              "path": "/nix/store/q8cprxnfl0lm4v0cfdmmzqd8l4ciag2v-zola-0.20.0",
              "default": true
            }
          ],
          "store_path": "/nix/store/q8cprxnfl0lm4v0cfdmmzqd8l4ciag2v-zola-0.20.0"
        },
        "aarch64-linux": {
          "outputs": [
            {
              "name": "out",
              "path": "/nix/store/irxq70mxwzsj6k841bkknsiq3zary22f-zola-0.20.0",
              "default": true
            }
          ],
          "store_path": "/nix/store/irxq70mxwzsj6k841bkknsiq3zary22f-zola-0.20.0"
        },
        "x86_64-darwin": {
          "outputs": [
            {
              "name": "out",
              "path": "/nix/store/9i6frmhcqyxn5aa3hv0x865kp3rlkxpx-zola-0.20.0",
              "default": true
            }
          ],
          "store_path": "/nix/store/9i6frmhcqyxn5aa3hv0x865kp3rlkxpx-zola-0.20.0"
        },
        "x86_64-linux": {
          "outputs": [
            {
              "name": "out",
              "path": "/nix/store/zlvyg981bhxfm49br2p1mas2i8qhks5a-zola-0.20.0",
              "default": true
            }
          ],
          "store_path": "/nix/store/zlvyg981bhxfm49br2p1mas2i8qhks5a-zola-0.20.0"
        }
      }
    }
  }
}
